
Microsoft Visual Studio Solution File, Format Version 12.00
# Visual Studio Version 16
VisualStudioVersion = 16.0.30406.217
MinimumVisualStudioVersion = 10.0.40219.1
Project("{FAE04EC0-301F-11D3-BF4B-00C04F79EFBC}") = "firstappwithCSharp", "firstappwithCSharp\firstappwithCSharp.csproj", "{D1307E5B-D400-4F78-BF17-9EADD1D4B7CB}"
EndProject
Global
	GlobalSection(SolutionConfigurationPlatforms) = preSolution
		Debug|Any CPU = Debug|Any CPU
		Release|Any CPU = Release|Any CPU
	EndGlobalSection
	GlobalSection(ProjectConfigurationPlatforms) = postSolution
		{D1307E5B-D400-4F78-BF17-9EADD1D4B7CB}.Debug|Any CPU.ActiveCfg = Debug|Any CPU
		{D1307E5B-D400-4F78-BF17-9EADD1D4B7CB}.Debug|Any CPU.Build.0 = Debug|Any CPU
		{D1307E5B-D400-4F78-BF17-9EADD1D4B7CB}.Release|Any CPU.ActiveCfg = Release|Any CPU
		{D1307E5B-D400-4F78-BF17-9EADD1D4B7CB}.Release|Any CPU.Build.0 = Release|Any CPU
	EndGlobalSection
	GlobalSection(SolutionProperties) = preSolution
		HideSolutionNode = FALSE
	EndGlobalSection
	GlobalSection(ExtensibilityGlobals) = postSolution
		SolutionGuid = {FE72EB78-B27B-4474-9503-D2A7FC95ED5A}
	EndGlobalSection
EndGlobal
